
Microsoft Visual Studio Solution File, Format Version 12.00
# Visual Studio Version 17
VisualStudioVersion = 17.8.34511.84
MinimumVisualStudioVersion = 10.0.40219.1
Project("{9A19103F-16F7-4668-BE54-9A1E7A4F7556}") = "Teamer.DATA", "Teamer.DATA\Teamer.DATA.csproj", "{530C3314-05B4-4776-92FF-1CE5C603E688}"
EndProject
Project("{9A19103F-16F7-4668-BE54-9A1E7A4F7556}") = "Teamer.BL", "Teamer.BL\Teamer.BL.csproj", "{3C87B9A8-C675-452A-BE80-4CA67A5F4138}"
EndProject
Project("{FAE04EC0-301F-11D3-BF4B-00C04F79EFBC}") = "Teamer.APP.Android", "Teamer.APP\Teamer.APP.Android\Teamer.APP.Android.csproj", "{51C25C1E-D59B-463F-A966-91D368BA67E0}"
EndProject
Project("{FAE04EC0-301F-11D3-BF4B-00C04F79EFBC}") = "Teamer.APP.iOS", "Teamer.APP\Teamer.APP.iOS\Teamer.APP.iOS.csproj", "{4B923ACA-1C53-45E1-80F2-1CDAD45313F7}"
EndProject
Project("{FAE04EC0-301F-11D3-BF4B-00C04F79EFBC}") = "Teamer.APP", "Teamer.APP\Teamer.APP\Teamer.APP.csproj", "{9FC70489-BF8C-420B-AA3B-BEC15D0A0949}"
EndProject
Global
	GlobalSection(SolutionConfigurationPlatforms) = preSolution
		Debug|Any CPU = Debug|Any CPU
		Debug|iPhone = Debug|iPhone
		Debug|iPhoneSimulator = Debug|iPhoneSimulator
		Release|Any CPU = Release|Any CPU
		Release|iPhone = Release|iPhone
		Release|iPhoneSimulator = Release|iPhoneSimulator
	EndGlobalSection
	GlobalSection(ProjectConfigurationPlatforms) = postSolution
		{530C3314-05B4-4776-92FF-1CE5C603E688}.Debug|Any CPU.ActiveCfg = Debug|Any CPU
		{530C3314-05B4-4776-92FF-1CE5C603E688}.Debug|Any CPU.Build.0 = Debug|Any CPU
		{530C3314-05B4-4776-92FF-1CE5C603E688}.Debug|iPhone.ActiveCfg = Debug|Any CPU
		{530C3314-05B4-4776-92FF-1CE5C603E688}.Debug|iPhone.Build.0 = Debug|Any CPU
		{530C3314-05B4-4776-92FF-1CE5C603E688}.Debug|iPhoneSimulator.ActiveCfg = Debug|Any CPU
		{530C3314-05B4-4776-92FF-1CE5C603E688}.Debug|iPhoneSimulator.Build.0 = Debug|Any CPU
		{530C3314-05B4-4776-92FF-1CE5C603E688}.Release|Any CPU.ActiveCfg = Release|Any CPU
		{530C3314-05B4-4776-92FF-1CE5C603E688}.Release|Any CPU.Build.0 = Release|Any CPU
		{530C3314-05B4-4776-92FF-1CE5C603E688}.Release|iPhone.ActiveCfg = Release|Any CPU
		{530C3314-05B4-4776-92FF-1CE5C603E688}.Release|iPhone.Build.0 = Release|Any CPU
		{530C3314-05B4-4776-92FF-1CE5C603E688}.Release|iPhoneSimulator.ActiveCfg = Release|Any CPU
		{530C3314-05B4-4776-92FF-1CE5C603E688}.Release|iPhoneSimulator.Build.0 = Release|Any CPU
		{3C87B9A8-C675-452A-BE80-4CA67A5F4138}.Debug|Any CPU.ActiveCfg = Debug|Any CPU
		{3C87B9A8-C675-452A-BE80-4CA67A5F4138}.Debug|Any CPU.Build.0 = Debug|Any CPU
		{3C87B9A8-C675-452A-BE80-4CA67A5F4138}.Debug|iPhone.ActiveCfg = Debug|Any CPU
		{3C87B9A8-C675-452A-BE80-4CA67A5F4138}.Debug|iPhone.Build.0 = Debug|Any CPU
		{3C87B9A8-C675-452A-BE80-4CA67A5F4138}.Debug|iPhoneSimulator.ActiveCfg = Debug|Any CPU
		{3C87B9A8-C675-452A-BE80-4CA67A5F4138}.Debug|iPhoneSimulator.Build.0 = Debug|Any CPU
		{3C87B9A8-C675-452A-BE80-4CA67A5F4138}.Release|Any CPU.ActiveCfg = Release|Any CPU
		{3C87B9A8-C675-452A-BE80-4CA67A5F4138}.Release|Any CPU.Build.0 = Release|Any CPU
		{3C87B9A8-C675-452A-BE80-4CA67A5F4138}.Release|iPhone.ActiveCfg = Release|Any CPU
		{3C87B9A8-C675-452A-BE80-4CA67A5F4138}.Release|iPhone.Build.0 = Release|Any CPU
		{3C87B9A8-C675-452A-BE80-4CA67A5F4138}.Release|iPhoneSimulator.ActiveCfg = Release|Any CPU
		{3C87B9A8-C675-452A-BE80-4CA67A5F4138}.Release|iPhoneSimulator.Build.0 = Release|Any CPU
		{51C25C1E-D59B-463F-A966-91D368BA67E0}.Debug|Any CPU.ActiveCfg = Debug|Any CPU
		{51C25C1E-D59B-463F-A966-91D368BA67E0}.Debug|Any CPU.Build.0 = Debug|Any CPU
		{51C25C1E-D59B-463F-A966-91D368BA67E0}.Debug|Any CPU.Deploy.0 = Debug|Any CPU
		{51C25C1E-D59B-463F-A966-91D368BA67E0}.Debug|iPhone.ActiveCfg = Debug|Any CPU
		{51C25C1E-D59B-463F-A966-91D368BA67E0}.Debug|iPhone.Build.0 = Debug|Any CPU
		{51C25C1E-D59B-463F-A966-91D368BA67E0}.Debug|iPhone.Deploy.0 = Debug|Any CPU
		{51C25C1E-D59B-463F-A966-91D368BA67E0}.Debug|iPhoneSimulator.ActiveCfg = Debug|Any CPU
		{51C25C1E-D59B-463F-A966-91D368BA67E0}.Debug|iPhoneSimulator.Build.0 = Debug|Any CPU
		{51C25C1E-D59B-463F-A966-91D368BA67E0}.Debug|iPhoneSimulator.Deploy.0 = Debug|Any CPU
		{51C25C1E-D59B-463F-A966-91D368BA67E0}.Release|Any CPU.ActiveCfg = Release|Any CPU
		{51C25C1E-D59B-463F-A966-91D368BA67E0}.Release|Any CPU.Build.0 = Release|Any CPU
		{51C25C1E-D59B-463F-A966-91D368BA67E0}.Release|Any CPU.Deploy.0 = Release|Any CPU
		{51C25C1E-D59B-463F-A966-91D368BA67E0}.Release|iPhone.ActiveCfg = Release|Any CPU
		{51C25C1E-D59B-463F-A966-91D368BA67E0}.Release|iPhone.Build.0 = Release|Any CPU
		{51C25C1E-D59B-463F-A966-91D368BA67E0}.Release|iPhone.Deploy.0 = Release|Any CPU
		{51C25C1E-D59B-463F-A966-91D368BA67E0}.Release|iPhoneSimulator.ActiveCfg = Release|Any CPU
		{51C25C1E-D59B-463F-A966-91D368BA67E0}.Release|iPhoneSimulator.Build.0 = Release|Any CPU
		{51C25C1E-D59B-463F-A966-91D368BA67E0}.Release|iPhoneSimulator.Deploy.0 = Release|Any CPU
		{4B923ACA-1C53-45E1-80F2-1CDAD45313F7}.Debug|Any CPU.ActiveCfg = Debug|iPhoneSimulator
		{4B923ACA-1C53-45E1-80F2-1CDAD45313F7}.Debug|Any CPU.Build.0 = Debug|iPhoneSimulator
		{4B923ACA-1C53-45E1-80F2-1CDAD45313F7}.Debug|iPhone.ActiveCfg = Debug|iPhone
		{4B923ACA-1C53-45E1-80F2-1CDAD45313F7}.Debug|iPhone.Build.0 = Debug|iPhone
		{4B923ACA-1C53-45E1-80F2-1CDAD45313F7}.Debug|iPhoneSimulator.ActiveCfg = Debug|iPhoneSimulator
		{4B923ACA-1C53-45E1-80F2-1CDAD45313F7}.Debug|iPhoneSimulator.Build.0 = Debug|iPhoneSimulator
		{4B923ACA-1C53-45E1-80F2-1CDAD45313F7}.Release|Any CPU.ActiveCfg = Release|iPhoneSimulator
		{4B923ACA-1C53-45E1-80F2-1CDAD45313F7}.Release|Any CPU.Build.0 = Release|iPhoneSimulator
		{4B923ACA-1C53-45E1-80F2-1CDAD45313F7}.Release|iPhone.ActiveCfg = Release|iPhone
		{4B923ACA-1C53-45E1-80F2-1CDAD45313F7}.Release|iPhone.Build.0 = Release|iPhone
		{4B923ACA-1C53-45E1-80F2-1CDAD45313F7}.Release|iPhoneSimulator.ActiveCfg = Release|iPhoneSimulator
		{4B923ACA-1C53-45E1-80F2-1CDAD45313F7}.Release|iPhoneSimulator.Build.0 = Release|iPhoneSimulator
		{9FC70489-BF8C-420B-AA3B-BEC15D0A0949}.Debug|Any CPU.ActiveCfg = Debug|Any CPU
		{9FC70489-BF8C-420B-AA3B-BEC15D0A0949}.Debug|Any CPU.Build.0 = Debug|Any CPU
		{9FC70489-BF8C-420B-AA3B-BEC15D0A0949}.Debug|iPhone.ActiveCfg = Debug|Any CPU
		{9FC70489-BF8C-420B-AA3B-BEC15D0A0949}.Debug|iPhone.Build.0 = Debug|Any CPU
		{9FC70489-BF8C-420B-AA3B-BEC15D0A0949}.Debug|iPhoneSimulator.ActiveCfg = Debug|Any CPU
		{9FC70489-BF8C-420B-AA3B-BEC15D0A0949}.Debug|iPhoneSimulator.Build.0 = Debug|Any CPU
		{9FC70489-BF8C-420B-AA3B-BEC15D0A0949}.Release|Any CPU.ActiveCfg = Release|Any CPU
		{9FC70489-BF8C-420B-AA3B-BEC15D0A0949}.Release|Any CPU.Build.0 = Release|Any CPU
		{9FC70489-BF8C-420B-AA3B-BEC15D0A0949}.Release|iPhone.ActiveCfg = Release|Any CPU
		{9FC70489-BF8C-420B-AA3B-BEC15D0A0949}.Release|iPhone.Build.0 = Release|Any CPU
		{9FC70489-BF8C-420B-AA3B-BEC15D0A0949}.Release|iPhoneSimulator.ActiveCfg = Release|Any CPU
		{9FC70489-BF8C-420B-AA3B-BEC15D0A0949}.Release|iPhoneSimulator.Build.0 = Release|Any CPU
	EndGlobalSection
	GlobalSection(SolutionProperties) = preSolution
		HideSolutionNode = FALSE
	EndGlobalSection
	GlobalSection(ExtensibilityGlobals) = postSolution
		SolutionGuid = {8A310D76-901B-438F-A22C-FAF333F1E9CD}
	EndGlobalSection
EndGlobal
