
Microsoft Visual Studio Solution File, Format Version 12.00
# Visual Studio Version 17
VisualStudioVersion = 17.8.34511.84
MinimumVisualStudioVersion = 10.0.40219.1
Project("{9A19103F-16F7-4668-BE54-9A1E7A4F7556}") = "Teamer.DATA", "Teamer.DATA\Teamer.DATA.csproj", "{530C3314-05B4-4776-92FF-1CE5C603E688}"
EndProject
Project("{9A19103F-16F7-4668-BE54-9A1E7A4F7556}") = "Teamer.BL", "Teamer.BL\Teamer.BL.csproj", "{3C87B9A8-C675-452A-BE80-4CA67A5F4138}"
EndProject
Project("{FAE04EC0-301F-11D3-BF4B-00C04F79EFBC}") = "Teamer.APP.Android", "Teamer.APP\Teamer.APP.Android\Teamer.APP.Android.csproj", "{9472D706-9CD7-4CE3-9051-F6027635AB7F}"
EndProject
Project("{FAE04EC0-301F-11D3-BF4B-00C04F79EFBC}") = "Teamer.APP.iOS", "Teamer.APP\Teamer.APP.iOS\Teamer.APP.iOS.csproj", "{AC9DDD97-0739-4B14-A829-4E968729D107}"
EndProject
Project("{9A19103F-16F7-4668-BE54-9A1E7A4F7556}") = "Teamer.APP", "Teamer.APP\Teamer.APP\Teamer.APP.csproj", "{319C32F0-3ACC-4FFF-A8D3-BF4CFF130950}"
EndProject
Global
	GlobalSection(SolutionConfigurationPlatforms) = preSolution
		Debug|Any CPU = Debug|Any CPU
		Debug|iPhone = Debug|iPhone
		Debug|iPhoneSimulator = Debug|iPhoneSimulator
		Release|Any CPU = Release|Any CPU
		Release|iPhone = Release|iPhone
		Release|iPhoneSimulator = Release|iPhoneSimulator
	EndGlobalSection
	GlobalSection(ProjectConfigurationPlatforms) = postSolution
		{530C3314-05B4-4776-92FF-1CE5C603E688}.Debug|Any CPU.ActiveCfg = Debug|Any CPU
		{530C3314-05B4-4776-92FF-1CE5C603E688}.Debug|Any CPU.Build.0 = Debug|Any CPU
		{530C3314-05B4-4776-92FF-1CE5C603E688}.Debug|iPhone.ActiveCfg = Debug|Any CPU
		{530C3314-05B4-4776-92FF-1CE5C603E688}.Debug|iPhone.Build.0 = Debug|Any CPU
		{530C3314-05B4-4776-92FF-1CE5C603E688}.Debug|iPhoneSimulator.ActiveCfg = Debug|Any CPU
		{530C3314-05B4-4776-92FF-1CE5C603E688}.Debug|iPhoneSimulator.Build.0 = Debug|Any CPU
		{530C3314-05B4-4776-92FF-1CE5C603E688}.Release|Any CPU.ActiveCfg = Release|Any CPU
		{530C3314-05B4-4776-92FF-1CE5C603E688}.Release|Any CPU.Build.0 = Release|Any CPU
		{530C3314-05B4-4776-92FF-1CE5C603E688}.Release|iPhone.ActiveCfg = Release|Any CPU
		{530C3314-05B4-4776-92FF-1CE5C603E688}.Release|iPhone.Build.0 = Release|Any CPU
		{530C3314-05B4-4776-92FF-1CE5C603E688}.Release|iPhoneSimulator.ActiveCfg = Release|Any CPU
		{530C3314-05B4-4776-92FF-1CE5C603E688}.Release|iPhoneSimulator.Build.0 = Release|Any CPU
		{3C87B9A8-C675-452A-BE80-4CA67A5F4138}.Debug|Any CPU.ActiveCfg = Debug|Any CPU
		{3C87B9A8-C675-452A-BE80-4CA67A5F4138}.Debug|Any CPU.Build.0 = Debug|Any CPU
		{3C87B9A8-C675-452A-BE80-4CA67A5F4138}.Debug|iPhone.ActiveCfg = Debug|Any CPU
		{3C87B9A8-C675-452A-BE80-4CA67A5F4138}.Debug|iPhone.Build.0 = Debug|Any CPU
		{3C87B9A8-C675-452A-BE80-4CA67A5F4138}.Debug|iPhoneSimulator.ActiveCfg = Debug|Any CPU
		{3C87B9A8-C675-452A-BE80-4CA67A5F4138}.Debug|iPhoneSimulator.Build.0 = Debug|Any CPU
		{3C87B9A8-C675-452A-BE80-4CA67A5F4138}.Release|Any CPU.ActiveCfg = Release|Any CPU
		{3C87B9A8-C675-452A-BE80-4CA67A5F4138}.Release|Any CPU.Build.0 = Release|Any CPU
		{3C87B9A8-C675-452A-BE80-4CA67A5F4138}.Release|iPhone.ActiveCfg = Release|Any CPU
		{3C87B9A8-C675-452A-BE80-4CA67A5F4138}.Release|iPhone.Build.0 = Release|Any CPU
		{3C87B9A8-C675-452A-BE80-4CA67A5F4138}.Release|iPhoneSimulator.ActiveCfg = Release|Any CPU
		{3C87B9A8-C675-452A-BE80-4CA67A5F4138}.Release|iPhoneSimulator.Build.0 = Release|Any CPU
		{9472D706-9CD7-4CE3-9051-F6027635AB7F}.Debug|Any CPU.ActiveCfg = Debug|Any CPU
		{9472D706-9CD7-4CE3-9051-F6027635AB7F}.Debug|Any CPU.Build.0 = Debug|Any CPU
		{9472D706-9CD7-4CE3-9051-F6027635AB7F}.Debug|Any CPU.Deploy.0 = Debug|Any CPU
		{9472D706-9CD7-4CE3-9051-F6027635AB7F}.Debug|iPhone.ActiveCfg = Debug|Any CPU
		{9472D706-9CD7-4CE3-9051-F6027635AB7F}.Debug|iPhone.Build.0 = Debug|Any CPU
		{9472D706-9CD7-4CE3-9051-F6027635AB7F}.Debug|iPhone.Deploy.0 = Debug|Any CPU
		{9472D706-9CD7-4CE3-9051-F6027635AB7F}.Debug|iPhoneSimulator.ActiveCfg = Debug|Any CPU
		{9472D706-9CD7-4CE3-9051-F6027635AB7F}.Debug|iPhoneSimulator.Build.0 = Debug|Any CPU
		{9472D706-9CD7-4CE3-9051-F6027635AB7F}.Debug|iPhoneSimulator.Deploy.0 = Debug|Any CPU
		{9472D706-9CD7-4CE3-9051-F6027635AB7F}.Release|Any CPU.ActiveCfg = Release|Any CPU
		{9472D706-9CD7-4CE3-9051-F6027635AB7F}.Release|Any CPU.Build.0 = Release|Any CPU
		{9472D706-9CD7-4CE3-9051-F6027635AB7F}.Release|Any CPU.Deploy.0 = Release|Any CPU
		{9472D706-9CD7-4CE3-9051-F6027635AB7F}.Release|iPhone.ActiveCfg = Release|Any CPU
		{9472D706-9CD7-4CE3-9051-F6027635AB7F}.Release|iPhone.Build.0 = Release|Any CPU
		{9472D706-9CD7-4CE3-9051-F6027635AB7F}.Release|iPhone.Deploy.0 = Release|Any CPU
		{9472D706-9CD7-4CE3-9051-F6027635AB7F}.Release|iPhoneSimulator.ActiveCfg = Release|Any CPU
		{9472D706-9CD7-4CE3-9051-F6027635AB7F}.Release|iPhoneSimulator.Build.0 = Release|Any CPU
		{9472D706-9CD7-4CE3-9051-F6027635AB7F}.Release|iPhoneSimulator.Deploy.0 = Release|Any CPU
		{AC9DDD97-0739-4B14-A829-4E968729D107}.Debug|Any CPU.ActiveCfg = Debug|iPhoneSimulator
		{AC9DDD97-0739-4B14-A829-4E968729D107}.Debug|Any CPU.Build.0 = Debug|iPhoneSimulator
		{AC9DDD97-0739-4B14-A829-4E968729D107}.Debug|iPhone.ActiveCfg = Debug|iPhone
		{AC9DDD97-0739-4B14-A829-4E968729D107}.Debug|iPhone.Build.0 = Debug|iPhone
		{AC9DDD97-0739-4B14-A829-4E968729D107}.Debug|iPhoneSimulator.ActiveCfg = Debug|iPhoneSimulator
		{AC9DDD97-0739-4B14-A829-4E968729D107}.Debug|iPhoneSimulator.Build.0 = Debug|iPhoneSimulator
		{AC9DDD97-0739-4B14-A829-4E968729D107}.Release|Any CPU.ActiveCfg = Release|iPhoneSimulator
		{AC9DDD97-0739-4B14-A829-4E968729D107}.Release|Any CPU.Build.0 = Release|iPhoneSimulator
		{AC9DDD97-0739-4B14-A829-4E968729D107}.Release|iPhone.ActiveCfg = Release|iPhone
		{AC9DDD97-0739-4B14-A829-4E968729D107}.Release|iPhone.Build.0 = Release|iPhone
		{AC9DDD97-0739-4B14-A829-4E968729D107}.Release|iPhoneSimulator.ActiveCfg = Release|iPhoneSimulator
		{AC9DDD97-0739-4B14-A829-4E968729D107}.Release|iPhoneSimulator.Build.0 = Release|iPhoneSimulator
		{319C32F0-3ACC-4FFF-A8D3-BF4CFF130950}.Debug|Any CPU.ActiveCfg = Debug|Any CPU
		{319C32F0-3ACC-4FFF-A8D3-BF4CFF130950}.Debug|Any CPU.Build.0 = Debug|Any CPU
		{319C32F0-3ACC-4FFF-A8D3-BF4CFF130950}.Debug|iPhone.ActiveCfg = Debug|Any CPU
		{319C32F0-3ACC-4FFF-A8D3-BF4CFF130950}.Debug|iPhone.Build.0 = Debug|Any CPU
		{319C32F0-3ACC-4FFF-A8D3-BF4CFF130950}.Debug|iPhoneSimulator.ActiveCfg = Debug|Any CPU
		{319C32F0-3ACC-4FFF-A8D3-BF4CFF130950}.Debug|iPhoneSimulator.Build.0 = Debug|Any CPU
		{319C32F0-3ACC-4FFF-A8D3-BF4CFF130950}.Release|Any CPU.ActiveCfg = Release|Any CPU
		{319C32F0-3ACC-4FFF-A8D3-BF4CFF130950}.Release|Any CPU.Build.0 = Release|Any CPU
		{319C32F0-3ACC-4FFF-A8D3-BF4CFF130950}.Release|iPhone.ActiveCfg = Release|Any CPU
		{319C32F0-3ACC-4FFF-A8D3-BF4CFF130950}.Release|iPhone.Build.0 = Release|Any CPU
		{319C32F0-3ACC-4FFF-A8D3-BF4CFF130950}.Release|iPhoneSimulator.ActiveCfg = Release|Any CPU
		{319C32F0-3ACC-4FFF-A8D3-BF4CFF130950}.Release|iPhoneSimulator.Build.0 = Release|Any CPU
	EndGlobalSection
	GlobalSection(SolutionProperties) = preSolution
		HideSolutionNode = FALSE
	EndGlobalSection
	GlobalSection(ExtensibilityGlobals) = postSolution
		SolutionGuid = {8A310D76-901B-438F-A22C-FAF333F1E9CD}
	EndGlobalSection
EndGlobal
